
Microsoft Visual Studio Solution File, Format Version 12.00
# Visual Studio Version 17
VisualStudioVersion = 17.8.34525.116
MinimumVisualStudioVersion = 10.0.40219.1
Project("{9A19103F-16F7-4668-BE54-9A1E7A4F7556}") = "ChatAlkalmazas", "ChatAlkalmazas\ChatAlkalmazas.csproj", "{60C489AC-5634-4E78-9DE1-0905FA05A07A}"
EndProject
Project("{9A19103F-16F7-4668-BE54-9A1E7A4F7556}") = "ChatAlkalmazasGUI", "ChatAlkalmazasGUI\ChatAlkalmazasGUI.csproj", "{95CEB9B2-AFFB-4695-9FE4-7B8B6A63A661}"
EndProject
Project("{FAE04EC0-301F-11D3-BF4B-00C04F79EFBC}") = "Models", "Models\Models.csproj", "{9B3775D5-EEB9-4718-8193-9DC2AA0995BE}"
EndProject
Global
	GlobalSection(SolutionConfigurationPlatforms) = preSolution
		Debug|Any CPU = Debug|Any CPU
		Release|Any CPU = Release|Any CPU
	EndGlobalSection
	GlobalSection(ProjectConfigurationPlatforms) = postSolution
		{60C489AC-5634-4E78-9DE1-0905FA05A07A}.Debug|Any CPU.ActiveCfg = Debug|Any CPU
		{60C489AC-5634-4E78-9DE1-0905FA05A07A}.Debug|Any CPU.Build.0 = Debug|Any CPU
		{60C489AC-5634-4E78-9DE1-0905FA05A07A}.Release|Any CPU.ActiveCfg = Release|Any CPU
		{60C489AC-5634-4E78-9DE1-0905FA05A07A}.Release|Any CPU.Build.0 = Release|Any CPU
		{95CEB9B2-AFFB-4695-9FE4-7B8B6A63A661}.Debug|Any CPU.ActiveCfg = Debug|Any CPU
		{95CEB9B2-AFFB-4695-9FE4-7B8B6A63A661}.Debug|Any CPU.Build.0 = Debug|Any CPU
		{95CEB9B2-AFFB-4695-9FE4-7B8B6A63A661}.Release|Any CPU.ActiveCfg = Release|Any CPU
		{95CEB9B2-AFFB-4695-9FE4-7B8B6A63A661}.Release|Any CPU.Build.0 = Release|Any CPU
		{9B3775D5-EEB9-4718-8193-9DC2AA0995BE}.Debug|Any CPU.ActiveCfg = Debug|Any CPU
		{9B3775D5-EEB9-4718-8193-9DC2AA0995BE}.Debug|Any CPU.Build.0 = Debug|Any CPU
		{9B3775D5-EEB9-4718-8193-9DC2AA0995BE}.Release|Any CPU.ActiveCfg = Release|Any CPU
		{9B3775D5-EEB9-4718-8193-9DC2AA0995BE}.Release|Any CPU.Build.0 = Release|Any CPU
	EndGlobalSection
	GlobalSection(SolutionProperties) = preSolution
		HideSolutionNode = FALSE
	EndGlobalSection
	GlobalSection(ExtensibilityGlobals) = postSolution
		SolutionGuid = {6F866FE3-72DC-46F0-8562-2E70F0186809}
	EndGlobalSection
EndGlobal
